
Microsoft Visual Studio Solution File, Format Version 12.00
# Visual Studio Version 16
VisualStudioVersion = 16.0.30523.141
MinimumVisualStudioVersion = 10.0.40219.1
Project("{FAE04EC0-301F-11D3-BF4B-00C04F79EFBC}") = "4_hodina_vidostop", "4_hodina_vidostop\4_hodina_vidostop.csproj", "{34524D6D-C88D-4F37-91DA-A1D4BD21BDEA}"
EndProject
Global
	GlobalSection(SolutionConfigurationPlatforms) = preSolution
		Debug|Any CPU = Debug|Any CPU
		Release|Any CPU = Release|Any CPU
	EndGlobalSection
	GlobalSection(ProjectConfigurationPlatforms) = postSolution
		{34524D6D-C88D-4F37-91DA-A1D4BD21BDEA}.Debug|Any CPU.ActiveCfg = Debug|Any CPU
		{34524D6D-C88D-4F37-91DA-A1D4BD21BDEA}.Debug|Any CPU.Build.0 = Debug|Any CPU
		{34524D6D-C88D-4F37-91DA-A1D4BD21BDEA}.Release|Any CPU.ActiveCfg = Release|Any CPU
		{34524D6D-C88D-4F37-91DA-A1D4BD21BDEA}.Release|Any CPU.Build.0 = Release|Any CPU
	EndGlobalSection
	GlobalSection(SolutionProperties) = preSolution
		HideSolutionNode = FALSE
	EndGlobalSection
	GlobalSection(ExtensibilityGlobals) = postSolution
		SolutionGuid = {B78EAA76-63B4-4BFC-BB73-395FF613B510}
	EndGlobalSection
EndGlobal
